
Microsoft Visual Studio Solution File, Format Version 12.00
# Visual Studio Version 17
VisualStudioVersion = 17.2.32519.379
MinimumVisualStudioVersion = 10.0.40219.1
Project("{FAE04EC0-301F-11D3-BF4B-00C04F79EFBC}") = "Catalog", "Catalog\Catalog.csproj", "{6335D5B8-6CBF-494B-A8C8-C51A632F05BC}"
EndProject
Global
	GlobalSection(SolutionConfigurationPlatforms) = preSolution
		Debug|Any CPU = Debug|Any CPU
		Release|Any CPU = Release|Any CPU
	EndGlobalSection
	GlobalSection(ProjectConfigurationPlatforms) = postSolution
		{6335D5B8-6CBF-494B-A8C8-C51A632F05BC}.Debug|Any CPU.ActiveCfg = Debug|Any CPU
		{6335D5B8-6CBF-494B-A8C8-C51A632F05BC}.Debug|Any CPU.Build.0 = Debug|Any CPU
		{6335D5B8-6CBF-494B-A8C8-C51A632F05BC}.Release|Any CPU.ActiveCfg = Release|Any CPU
		{6335D5B8-6CBF-494B-A8C8-C51A632F05BC}.Release|Any CPU.Build.0 = Release|Any CPU
	EndGlobalSection
	GlobalSection(SolutionProperties) = preSolution
		HideSolutionNode = FALSE
	EndGlobalSection
	GlobalSection(ExtensibilityGlobals) = postSolution
		SolutionGuid = {2781F739-D4FB-4F49-A87F-24192AB844BB}
	EndGlobalSection
EndGlobal
